Microsoft Visual Studio Solution File, Format Version 12.00
# Visual Studio Version 17
VisualStudioVersion = 17.5.2.0
MinimumVisualStudioVersion = 10.0.40219.1
Project("{FAE04EC0-301F-11D3-BF4B-00C04F79EFBC}") = "AtividadeClassHeroM2", "AtividadeClassHeroM2\AtividadeClassHeroM2.csproj", "{7C417573-BC7B-ED9D-3A6B-3BA3DE070F00}"
EndProject
Global
	GlobalSection(SolutionConfigurationPlatforms) = preSolution
		Debug|Any CPU = Debug|Any CPU
		Release|Any CPU = Release|Any CPU
	EndGlobalSection
	GlobalSection(ProjectConfigurationPlatforms) = postSolution
		{7C417573-BC7B-ED9D-3A6B-3BA3DE070F00}.Debug|Any CPU.ActiveCfg = Debug|Any CPU
		{7C417573-BC7B-ED9D-3A6B-3BA3DE070F00}.Debug|Any CPU.Build.0 = Debug|Any CPU
		{7C417573-BC7B-ED9D-3A6B-3BA3DE070F00}.Release|Any CPU.ActiveCfg = Release|Any CPU
		{7C417573-BC7B-ED9D-3A6B-3BA3DE070F00}.Release|Any CPU.Build.0 = Release|Any CPU
	EndGlobalSection
	GlobalSection(SolutionProperties) = preSolution
		HideSolutionNode = FALSE
	EndGlobalSection
	GlobalSection(ExtensibilityGlobals) = postSolution
		SolutionGuid = {4CDA390B-0086-4FA2-A87D-9621C5966254}
	EndGlobalSection
EndGlobal
